dependencies:
- name: dockerconfigjson
  repository: https://snowplow-devops.github.io/helm-charts
  version: 0.1.0
- name: cloudserviceaccount
  repository: https://snowplow-devops.github.io/helm-charts
  version: 0.3.0
digest: sha256:75f92234ea471c522e2cd8072bde78e2ff3b5ecf1dbdc43d2b86ed7dcdf9ec08
generated: "2023-11-07T09:37:17.257948Z"
