dependencies:
- name: dockerconfigjson
  repository: https://snowplow-devops.github.io/helm-charts
  version: 0.1.0
- name: cloudserviceaccount
  repository: https://snowplow-devops.github.io/helm-charts
  version: 0.2.0
digest: sha256:d01c3a86be457bde482b86cbe6dc131a1a32097005e306421cac1ff818c2196d
generated: "2022-09-26T16:35:02.135781-04:00"
