dependencies:
- name: dockerconfigjson
  repository: https://snowplow-devops.github.io/helm-charts
  version: 0.1.0
- name: cloudserviceaccount
  repository: https://snowplow-devops.github.io/helm-charts
  version: 0.2.0
digest: sha256:9deff1a4eb1a923a1ff362a28e27e86945c843c50945797618d3e59e0429c4ad
generated: "2022-10-27T10:04:22.122342+01:00"
