dependencies:
- name: dockerconfigjson
  repository: https://snowplow-devops.github.io/helm-charts
  version: 0.1.0
- name: cloudserviceaccount
  repository: https://snowplow-devops.github.io/helm-charts
  version: 0.1.0
digest: sha256:92127ad4fb4b1721b3a51927e4e199bb40ae8d26f0c85369b672845bf061ddaf
generated: "2022-04-15T11:17:27.274533+02:00"
